
Microsoft Visual Studio Solution File, Format Version 12.00
# Visual Studio Version 17
VisualStudioVersion = 17.14.36811.4
MinimumVisualStudioVersion = 10.0.40219.1
Project("{FAE04EC0-301F-11D3-BF4B-00C04F79EFBC}") = "Ipsae", "Ipsae\Ipsae.csproj", "{A096218B-3709-406F-BF69-2E73121C201F}"
EndProject
Project("{FAE04EC0-301F-11D3-BF4B-00C04F79EFBC}") = "IpsaeService", "IpsaeService\IpsaeService.csproj", "{482ED28B-0A26-4115-B028-554B672E9555}"
EndProject
Project("{FAE04EC0-301F-11D3-BF4B-00C04F79EFBC}") = "IpsaeShared", "IpsaeShared\IpsaeShared.csproj", "{E08CA6E3-BFA2-4EAC-AF86-6243461C6D0D}"
EndProject
Global
	GlobalSection(SolutionConfigurationPlatforms) = preSolution
		Debug|Any CPU = Debug|Any CPU
		Debug|x64 = Debug|x64
		Debug|x86 = Debug|x86
		Release|Any CPU = Release|Any CPU
		Release|x64 = Release|x64
		Release|x86 = Release|x86
	EndGlobalSection
	GlobalSection(ProjectConfigurationPlatforms) = postSolution
		{A096218B-3709-406F-BF69-2E73121C201F}.Debug|Any CPU.ActiveCfg = Debug|Any CPU
		{A096218B-3709-406F-BF69-2E73121C201F}.Debug|Any CPU.Build.0 = Debug|Any CPU
		{A096218B-3709-406F-BF69-2E73121C201F}.Debug|x64.ActiveCfg = Debug|x64
		{A096218B-3709-406F-BF69-2E73121C201F}.Debug|x64.Build.0 = Debug|x64
		{A096218B-3709-406F-BF69-2E73121C201F}.Debug|x86.ActiveCfg = Debug|Any CPU
		{A096218B-3709-406F-BF69-2E73121C201F}.Debug|x86.Build.0 = Debug|Any CPU
		{A096218B-3709-406F-BF69-2E73121C201F}.Release|Any CPU.ActiveCfg = Release|Any CPU
		{A096218B-3709-406F-BF69-2E73121C201F}.Release|Any CPU.Build.0 = Release|Any CPU
		{A096218B-3709-406F-BF69-2E73121C201F}.Release|x64.ActiveCfg = Release|x64
		{A096218B-3709-406F-BF69-2E73121C201F}.Release|x64.Build.0 = Release|x64
		{A096218B-3709-406F-BF69-2E73121C201F}.Release|x86.ActiveCfg = Release|Any CPU
		{A096218B-3709-406F-BF69-2E73121C201F}.Release|x86.Build.0 = Release|Any CPU
		{482ED28B-0A26-4115-B028-554B672E9555}.Debug|Any CPU.ActiveCfg = Debug|Any CPU
		{482ED28B-0A26-4115-B028-554B672E9555}.Debug|Any CPU.Build.0 = Debug|Any CPU
		{482ED28B-0A26-4115-B028-554B672E9555}.Debug|x64.ActiveCfg = Debug|Any CPU
		{482ED28B-0A26-4115-B028-554B672E9555}.Debug|x64.Build.0 = Debug|Any CPU
		{482ED28B-0A26-4115-B028-554B672E9555}.Debug|x86.ActiveCfg = Debug|Any CPU
		{482ED28B-0A26-4115-B028-554B672E9555}.Debug|x86.Build.0 = Debug|Any CPU
		{482ED28B-0A26-4115-B028-554B672E9555}.Release|Any CPU.ActiveCfg = Release|Any CPU
		{482ED28B-0A26-4115-B028-554B672E9555}.Release|Any CPU.Build.0 = Release|Any CPU
		{482ED28B-0A26-4115-B028-554B672E9555}.Release|x64.ActiveCfg = Release|Any CPU
		{482ED28B-0A26-4115-B028-554B672E9555}.Release|x64.Build.0 = Release|Any CPU
		{482ED28B-0A26-4115-B028-554B672E9555}.Release|x86.ActiveCfg = Release|Any CPU
		{482ED28B-0A26-4115-B028-554B672E9555}.Release|x86.Build.0 = Release|Any CPU
		{E08CA6E3-BFA2-4EAC-AF86-6243461C6D0D}.Debug|Any CPU.ActiveCfg = Debug|Any CPU
		{E08CA6E3-BFA2-4EAC-AF86-6243461C6D0D}.Debug|Any CPU.Build.0 = Debug|Any CPU
		{E08CA6E3-BFA2-4EAC-AF86-6243461C6D0D}.Debug|x64.ActiveCfg = Debug|Any CPU
		{E08CA6E3-BFA2-4EAC-AF86-6243461C6D0D}.Debug|x64.Build.0 = Debug|Any CPU
		{E08CA6E3-BFA2-4EAC-AF86-6243461C6D0D}.Debug|x86.ActiveCfg = Debug|Any CPU
		{E08CA6E3-BFA2-4EAC-AF86-6243461C6D0D}.Debug|x86.Build.0 = Debug|Any CPU
		{E08CA6E3-BFA2-4EAC-AF86-6243461C6D0D}.Release|Any CPU.ActiveCfg = Release|Any CPU
		{E08CA6E3-BFA2-4EAC-AF86-6243461C6D0D}.Release|Any CPU.Build.0 = Release|Any CPU
		{E08CA6E3-BFA2-4EAC-AF86-6243461C6D0D}.Release|x64.ActiveCfg = Release|Any CPU
		{E08CA6E3-BFA2-4EAC-AF86-6243461C6D0D}.Release|x64.Build.0 = Release|Any CPU
		{E08CA6E3-BFA2-4EAC-AF86-6243461C6D0D}.Release|x86.ActiveCfg = Release|Any CPU
		{E08CA6E3-BFA2-4EAC-AF86-6243461C6D0D}.Release|x86.Build.0 = Release|Any CPU
	EndGlobalSection
	GlobalSection(SolutionProperties) = preSolution
		HideSolutionNode = FALSE
	EndGlobalSection
	GlobalSection(ExtensibilityGlobals) = postSolution
		SolutionGuid = {D0E179E9-A1B0-48F6-838C-A35727C48173}
	EndGlobalSection
EndGlobal
